# Code generated by scarb DO NOT EDIT.
version = 1

[[package]]
name = "example_contract"
version = "0.1.0"
dependencies = [
 "snforge_std",
]

[[package]]
name = "snforge_std"
version = "0.1.0"
source = "git+https://github.com/foundry-rs/starknet-foundry?tag=v0.9.0#251761c7dc89cbeef69e565584cdf6f54aaaed30"
